
Microsoft Visual Studio Solution File, Format Version 11.00
# Visual Studio 2010
Project("{8BC9CEB8-8B4A-11D0-8D11-00A0C91BC942}") = "cocos2d", "cocos2d.vcxproj", "{E48D3DAA-ADBE-4DE7-878F-7D11CE818112}"
EndProject
Global
	GlobalSection(SolutionConfigurationPlatforms) = preSolution
		Debug|Win32 = Debug|Win32
		Release|Win32 = Release|Win32
	EndGlobalSection
	GlobalSection(ProjectConfigurationPlatforms) = postSolution
		{E48D3DAA-ADBE-4DE7-878F-7D11CE818112}.Debug|Win32.ActiveCfg = Debug|Win32
		{E48D3DAA-ADBE-4DE7-878F-7D11CE818112}.Debug|Win32.Build.0 = Debug|Win32
		{E48D3DAA-ADBE-4DE7-878F-7D11CE818112}.Release|Win32.ActiveCfg = Release|Win32
		{E48D3DAA-ADBE-4DE7-878F-7D11CE818112}.Release|Win32.Build.0 = Release|Win32
	EndGlobalSection
	GlobalSection(SolutionProperties) = preSolution
		HideSolutionNode = FALSE
	EndGlobalSection
EndGlobal
