<?xml version="1.0" encoding="UTF-8" standalone="yes" ?>
<CodeBlocks_project_file>
	<FileVersion major="1" minor="6" />
	<Project>
		<Option title="SDBase" />
		<Option pch_mode="2" />
		<Option compiler="gcc" />
		<Build>
			<Target title="Debug Win32">
				<Option platforms="Unix;" />
				<Option output="../intermediate/Server/SDBase2008&apos;/Debug Win32/libSDBaseD" prefix_auto="1" extension_auto="1" />
				<Option working_dir="" />
				<Option object_output="../intermediate/Server/SDBase2008&apos;/Debug Win32" />
				<Option type="2" />
				<Option compiler="gcc" />
				<Option createDefFile="1" />
				<Compiler>
					<Add option="-DWIN32" />
					<Add option="-D_DEBUG" />
					<Add option="-D_LIB" />
					<Add option="-D_CRT_SECURE_NO_WARNINGS" />
					<Add option="-W" />
					<Add option="-g" />
					<Add option="-O0" />
				</Compiler>
				<ExtraCommands>
					<Add after="copy ..\intermediate\Server\SDBase2008&apos;\Debug Win32\*.Lib ..\Server\Lib\" />
				</ExtraCommands>
			</Target>
			<Target title="Release Win32">
				<Option output="lib" prefix_auto="1" extension_auto="1" />
				<Option working_dir="" />
				<Option object_output="../intermediate/Server/SDBase2008&apos;/Release Win32" />
				<Option type="2" />
				<Option compiler="gcc" />
				<Option createDefFile="1" />
				<Compiler>
					<Add option="-DWIN32" />
					<Add option="-DNDEBUG" />
					<Add option="-D_LIB" />
					<Add option="-D_CRT_SECURE_NO_WARNINGS" />
					<Add option="-W" />
				</Compiler>
				<ExtraCommands>
					<Add after="copy ..\intermediate\Server\SDBase2008&apos;\Release Win32\*.Lib ..\Server\Lib\" />
				</ExtraCommands>
			</Target>
		</Build>
		<Unit filename="Protocol/C2LS.h" />
		<Unit filename="Protocol/C2S.h" />
		<Unit filename="Protocol/C2S_ArenaTeam.h" />
		<Unit filename="Protocol/C2S_Auction.h" />
		<Unit filename="Protocol/C2S_BattleGround.h" />
		<Unit filename="Protocol/C2S_Channel.h" />
		<Unit filename="Protocol/C2S_Chat.h" />
		<Unit filename="Protocol/C2S_Contribution.h" />
		<Unit filename="Protocol/C2S_Duel.h" />
		<Unit filename="Protocol/C2S_Group.h" />
		<Unit filename="Protocol/C2S_Guild.h" />
		<Unit filename="Protocol/C2S_Item.h" />
		<Unit filename="Protocol/C2S_Loot.h" />
		<Unit filename="Protocol/C2S_Mail.h" />
		<Unit filename="Protocol/C2S_Move.h" />
		<Unit filename="Protocol/C2S_PVP.h" />
		<Unit filename="Protocol/C2S_Pet.h" />
		<Unit filename="Protocol/C2S_Quest.h" />
		<Unit filename="Protocol/C2S_Spell.h" />
		<Unit filename="Protocol/C2S_Trade.h" />
		<Unit filename="Protocol/LS2C.h" />
		<Unit filename="Protocol/Opcodes.h" />
		<Unit filename="Protocol/PacketDef.h" />
		<Unit filename="Protocol/S2C.h" />
		<Unit filename="Protocol/S2C_AI.h" />
		<Unit filename="Protocol/S2C_ArenaTeam.h" />
		<Unit filename="Protocol/S2C_Auction.h" />
		<Unit filename="Protocol/S2C_BattleGround.h" />
		<Unit filename="Protocol/S2C_Channel.h" />
		<Unit filename="Protocol/S2C_Chat.h" />
		<Unit filename="Protocol/S2C_Contribution.h" />
		<Unit filename="Protocol/S2C_Duel.h" />
		<Unit filename="Protocol/S2C_Group.h" />
		<Unit filename="Protocol/S2C_Guild.h" />
		<Unit filename="Protocol/S2C_Item.h" />
		<Unit filename="Protocol/S2C_Loot.h" />
		<Unit filename="Protocol/S2C_Mail.h" />
		<Unit filename="Protocol/S2C_Move.h" />
		<Unit filename="Protocol/S2C_PVP.h" />
		<Unit filename="Protocol/S2C_Pet.h" />
		<Unit filename="Protocol/S2C_Player.h" />
		<Unit filename="Protocol/S2C_Quest.h" />
		<Unit filename="Protocol/S2C_Spell.h" />
		<Unit filename="Protocol/S2C_Trade.h" />
		<Unit filename="Public/ByteBuffer.h" />
		<Unit filename="Public/ContributionDef.h" />
		<Unit filename="Public/CreatureDef.h" />
		<Unit filename="Public/DBCStores.h" />
		<Unit filename="Public/GossipDef.h" />
		<Unit filename="Public/ItemDef.h" />
		<Unit filename="Public/MailDef.h" />
		<Unit filename="Public/MapDef.h" />
		<Unit filename="Public/PlayerDef.h" />
		<Unit filename="Public/PublicDef.h" />
		<Unit filename="Public/QuestDef.h" />
		<Unit filename="Public/Singleton.h" />
		<Unit filename="Public/SkillDef.h" />
		<Unit filename="Public/SpellDef.h" />
		<Unit filename="Public/Timer.h" />
		<Unit filename="Public/TypeDef.h" />
		<Unit filename="Public/UnitDef.h" />
		<Unit filename="Public/UpdateFields.h" />
		<Unit filename="Public/UpdateMask.h" />
		<Unit filename="Public/itemprototype.h" />
		<Unit filename="ReadMe.txt" />
		<Unit filename="SDBase.cpp" />
		<Extensions>
			<envvars />
			<code_completion />
			<lib_finder disable_auto="1" />
			<debugger />
		</Extensions>
	</Project>
</CodeBlocks_project_file>
