<?xml version="1.0" encoding="utf-8"?>
<Project ToolsVersion="4.0" xmlns="http://schemas.microsoft.com/developer/msbuild/2003">
  <ItemGroup>
    <Filter Include="源文件">
      <UniqueIdentifier>{4FC737F1-C7A5-4376-A066-2A32D752A2FF}</UniqueIdentifier>
      <Extensions>cpp;c;cc;cxx;def;odl;idl;hpj;bat;asm;asmx</Extensions>
    </Filter>
    <Filter Include="头文件">
      <UniqueIdentifier>{93995380-89BD-4b04-88EB-625FBE52EBFB}</UniqueIdentifier>
      <Extensions>h;hpp;hxx;hm;inl;inc;xsd</Extensions>
    </Filter>
    <Filter Include="资源文件">
      <UniqueIdentifier>{67DA6AB6-F800-4c08-8B7A-83BB121AAD01}</UniqueIdentifier>
      <Extensions>rc;ico;cur;bmp;dlg;rc2;rct;bin;rgs;gif;jpg;jpeg;jpe;resx;tiff;tif;png;wav</Extensions>
    </Filter>
    <Filter Include="Public">
      <UniqueIdentifier>{d787ebbd-f3fe-4685-9d87-c0b98f7f2a55}</UniqueIdentifier>
    </Filter>
    <Filter Include="Protocol">
      <UniqueIdentifier>{4921a049-8278-4aa7-8161-46c5193a2adc}</UniqueIdentifier>
    </Filter>
  </ItemGroup>
  <ItemGroup>
    <ClCompile Include="SDBase.cpp">
      <Filter>源文件</Filter>
    </ClCompile>
  </ItemGroup>
  <ItemGroup>
    <ClInclude Include="Public\DBCStores.h">
      <Filter>头文件</Filter>
    </ClInclude>
    <ClInclude Include="Public\ByteBuffer.h">
      <Filter>Public</Filter>
    </ClInclude>
    <ClInclude Include="Public\ContributionDef.h">
      <Filter>Public</Filter>
    </ClInclude>
    <ClInclude Include="Public\CreatureDef.h">
      <Filter>Public</Filter>
    </ClInclude>
    <ClInclude Include="Public\GossipDef.h">
      <Filter>Public</Filter>
    </ClInclude>
    <ClInclude Include="Public\ItemDef.h">
      <Filter>Public</Filter>
    </ClInclude>
    <ClInclude Include="Public\itemprototype.h">
      <Filter>Public</Filter>
    </ClInclude>
    <ClInclude Include="Public\MailDef.h">
      <Filter>Public</Filter>
    </ClInclude>
    <ClInclude Include="Public\MapDef.h">
      <Filter>Public</Filter>
    </ClInclude>
    <ClInclude Include="Public\PlayerDef.h">
      <Filter>Public</Filter>
    </ClInclude>
    <ClInclude Include="Public\PublicDef.h">
      <Filter>Public</Filter>
    </ClInclude>
    <ClInclude Include="Public\QuestDef.h">
      <Filter>Public</Filter>
    </ClInclude>
    <ClInclude Include="Public\Singleton.h">
      <Filter>Public</Filter>
    </ClInclude>
    <ClInclude Include="Public\SkillDef.h">
      <Filter>Public</Filter>
    </ClInclude>
    <ClInclude Include="Public\SpellDef.h">
      <Filter>Public</Filter>
    </ClInclude>
    <ClInclude Include="Public\Timer.h">
      <Filter>Public</Filter>
    </ClInclude>
    <ClInclude Include="Public\TypeDef.h">
      <Filter>Public</Filter>
    </ClInclude>
    <ClInclude Include="Public\UnitDef.h">
      <Filter>Public</Filter>
    </ClInclude>
    <ClInclude Include="Public\UpdateFields.h">
      <Filter>Public</Filter>
    </ClInclude>
    <ClInclude Include="Public\UpdateMask.h">
      <Filter>Public</Filter>
    </ClInclude>
    <ClInclude Include="Protocol\C2LS.h">
      <Filter>Protocol</Filter>
    </ClInclude>
    <ClInclude Include="Protocol\C2S.h">
      <Filter>Protocol</Filter>
    </ClInclude>
    <ClInclude Include="Protocol\C2S_ArenaTeam.h">
      <Filter>Protocol</Filter>
    </ClInclude>
    <ClInclude Include="Protocol\C2S_Auction.h">
      <Filter>Protocol</Filter>
    </ClInclude>
    <ClInclude Include="Protocol\C2S_BattleGround.h">
      <Filter>Protocol</Filter>
    </ClInclude>
    <ClInclude Include="Protocol\C2S_Channel.h">
      <Filter>Protocol</Filter>
    </ClInclude>
    <ClInclude Include="Protocol\C2S_Chat.h">
      <Filter>Protocol</Filter>
    </ClInclude>
    <ClInclude Include="Protocol\C2S_Contribution.h">
      <Filter>Protocol</Filter>
    </ClInclude>
    <ClInclude Include="Protocol\C2S_Duel.h">
      <Filter>Protocol</Filter>
    </ClInclude>
    <ClInclude Include="Protocol\C2S_Group.h">
      <Filter>Protocol</Filter>
    </ClInclude>
    <ClInclude Include="Protocol\C2S_Guild.h">
      <Filter>Protocol</Filter>
    </ClInclude>
    <ClInclude Include="Protocol\C2S_Item.h">
      <Filter>Protocol</Filter>
    </ClInclude>
    <ClInclude Include="Protocol\C2S_Loot.h">
      <Filter>Protocol</Filter>
    </ClInclude>
    <ClInclude Include="Protocol\C2S_Mail.h">
      <Filter>Protocol</Filter>
    </ClInclude>
    <ClInclude Include="Protocol\C2S_Move.h">
      <Filter>Protocol</Filter>
    </ClInclude>
    <ClInclude Include="Protocol\C2S_Pet.h">
      <Filter>Protocol</Filter>
    </ClInclude>
    <ClInclude Include="Protocol\C2S_PVP.h">
      <Filter>Protocol</Filter>
    </ClInclude>
    <ClInclude Include="Protocol\C2S_Quest.h">
      <Filter>Protocol</Filter>
    </ClInclude>
    <ClInclude Include="Protocol\C2S_Spell.h">
      <Filter>Protocol</Filter>
    </ClInclude>
    <ClInclude Include="Protocol\C2S_Trade.h">
      <Filter>Protocol</Filter>
    </ClInclude>
    <ClInclude Include="Protocol\LS2C.h">
      <Filter>Protocol</Filter>
    </ClInclude>
    <ClInclude Include="Protocol\Opcodes.h">
      <Filter>Protocol</Filter>
    </ClInclude>
    <ClInclude Include="Protocol\PacketDef.h">
      <Filter>Protocol</Filter>
    </ClInclude>
    <ClInclude Include="Protocol\S2C.h">
      <Filter>Protocol</Filter>
    </ClInclude>
    <ClInclude Include="Protocol\S2C_AI.h">
      <Filter>Protocol</Filter>
    </ClInclude>
    <ClInclude Include="Protocol\S2C_ArenaTeam.h">
      <Filter>Protocol</Filter>
    </ClInclude>
    <ClInclude Include="Protocol\S2C_Auction.h">
      <Filter>Protocol</Filter>
    </ClInclude>
    <ClInclude Include="Protocol\S2C_BattleGround.h">
      <Filter>Protocol</Filter>
    </ClInclude>
    <ClInclude Include="Protocol\S2C_Channel.h">
      <Filter>Protocol</Filter>
    </ClInclude>
    <ClInclude Include="Protocol\S2C_Chat.h">
      <Filter>Protocol</Filter>
    </ClInclude>
    <ClInclude Include="Protocol\S2C_Contribution.h">
      <Filter>Protocol</Filter>
    </ClInclude>
    <ClInclude Include="Protocol\S2C_Duel.h">
      <Filter>Protocol</Filter>
    </ClInclude>
    <ClInclude Include="Protocol\S2C_Group.h">
      <Filter>Protocol</Filter>
    </ClInclude>
    <ClInclude Include="Protocol\S2C_Guild.h">
      <Filter>Protocol</Filter>
    </ClInclude>
    <ClInclude Include="Protocol\S2C_Item.h">
      <Filter>Protocol</Filter>
    </ClInclude>
    <ClInclude Include="Protocol\S2C_Loot.h">
      <Filter>Protocol</Filter>
    </ClInclude>
    <ClInclude Include="Protocol\S2C_Mail.h">
      <Filter>Protocol</Filter>
    </ClInclude>
    <ClInclude Include="Protocol\S2C_Move.h">
      <Filter>Protocol</Filter>
    </ClInclude>
    <ClInclude Include="Protocol\S2C_Pet.h">
      <Filter>Protocol</Filter>
    </ClInclude>
    <ClInclude Include="Protocol\S2C_Player.h">
      <Filter>Protocol</Filter>
    </ClInclude>
    <ClInclude Include="Protocol\S2C_PVP.h">
      <Filter>Protocol</Filter>
    </ClInclude>
    <ClInclude Include="Protocol\S2C_Quest.h">
      <Filter>Protocol</Filter>
    </ClInclude>
    <ClInclude Include="Protocol\S2C_Spell.h">
      <Filter>Protocol</Filter>
    </ClInclude>
    <ClInclude Include="Protocol\S2C_Trade.h">
      <Filter>Protocol</Filter>
    </ClInclude>
  </ItemGroup>
  <ItemGroup>
    <None Include="ReadMe.txt" />
  </ItemGroup>
</Project>