<?xml version="1.0" encoding="utf-8"?>
<Project ToolsVersion="4.0" xmlns="http://schemas.microsoft.com/developer/msbuild/2003">
  <ItemGroup>
    <Filter Include="Src">
      <UniqueIdentifier>{4FC737F1-C7A5-4376-A066-2A32D752A2FF}</UniqueIdentifier>
      <Extensions>cpp;c;cxx;def;odl;idl;hpj;bat;asm;asmx</Extensions>
    </Filter>
    <Filter Include="ProtoNet">
      <UniqueIdentifier>{f1bb80dd-efeb-4468-b4da-22c15d5c8b94}</UniqueIdentifier>
    </Filter>
    <Filter Include="GameLogic">
      <UniqueIdentifier>{0401d119-5751-42ba-a779-eee3019d1d76}</UniqueIdentifier>
    </Filter>
  </ItemGroup>
  <ItemGroup>
    <ClCompile Include="Config.cpp">
      <Filter>Src</Filter>
    </ClCompile>
    <ClCompile Include="GateServer.cpp">
      <Filter>Src</Filter>
    </ClCompile>
    <ClCompile Include="stdafx.cpp">
      <Filter>Src</Filter>
    </ClCompile>
    <ClCompile Include="ProtoNet\GProtoSocket.cpp">
      <Filter>ProtoNet</Filter>
    </ClCompile>
    <ClCompile Include="ProtoNet\CListenProtoSocket.cpp">
      <Filter>ProtoNet</Filter>
    </ClCompile>
    <ClCompile Include="ProtoNet\CProtoSocket.cpp">
      <Filter>ProtoNet</Filter>
    </ClCompile>
    <ClCompile Include="ProtoNet\ProtoServer.cpp">
      <Filter>ProtoNet</Filter>
    </ClCompile>
    <ClCompile Include="GameLogic\GateUserManager.cpp">
      <Filter>GameLogic</Filter>
    </ClCompile>
    <ClCompile Include="ProtoNet\GateParser.cpp">
      <Filter>ProtoNet</Filter>
    </ClCompile>
    <ClCompile Include="ProtoNet\LG2GateParser.cpp">
      <Filter>ProtoNet</Filter>
    </ClCompile>
  </ItemGroup>
  <ItemGroup>
    <ClInclude Include="Config.h">
      <Filter>Src</Filter>
    </ClInclude>
    <ClInclude Include="stdafx.h">
      <Filter>Src</Filter>
    </ClInclude>
    <ClInclude Include="ProtoNet\GProtoSocket.h">
      <Filter>ProtoNet</Filter>
    </ClInclude>
    <ClInclude Include="ProtoNet\CListenProtoSocket.h">
      <Filter>ProtoNet</Filter>
    </ClInclude>
    <ClInclude Include="ProtoNet\CProtoSocket.h">
      <Filter>ProtoNet</Filter>
    </ClInclude>
    <ClInclude Include="ProtoNet\ProtoServer.h">
      <Filter>ProtoNet</Filter>
    </ClInclude>
    <ClInclude Include="GameLogic\GateUserManager.h">
      <Filter>GameLogic</Filter>
    </ClInclude>
    <ClInclude Include="ProtoNet\GateParser.h">
      <Filter>ProtoNet</Filter>
    </ClInclude>
    <ClInclude Include="ProtoNet\LG2GateParser.h">
      <Filter>ProtoNet</Filter>
    </ClInclude>
  </ItemGroup>
  <ItemGroup>
    <None Include="ReadMe.txt" />
  </ItemGroup>
  <ItemGroup>
    <CustomBuildStep Include="res\GateServer.manifest" />
  </ItemGroup>
</Project>