<?xml version="1.0" encoding="utf-8"?>
<Project ToolsVersion="4.0" xmlns="http://schemas.microsoft.com/developer/msbuild/2003">
  <ItemGroup>
    <Filter Include="Src">
      <UniqueIdentifier>{4FC737F1-C7A5-4376-A066-2A32D752A2FF}</UniqueIdentifier>
      <Extensions>cpp;c;cxx;def;odl;idl;hpj;bat;asm;asmx</Extensions>
    </Filter>
    <Filter Include="Net">
      <UniqueIdentifier>{4ff4e576-738d-4999-9579-9c50aa9c0bdc}</UniqueIdentifier>
    </Filter>
    <Filter Include="ProtoNet">
      <UniqueIdentifier>{f1bb80dd-efeb-4468-b4da-22c15d5c8b94}</UniqueIdentifier>
    </Filter>
  </ItemGroup>
  <ItemGroup>
    <ClCompile Include="Config.cpp">
      <Filter>Src</Filter>
    </ClCompile>
    <ClCompile Include="GateServer.cpp">
      <Filter>Src</Filter>
    </ClCompile>
    <ClCompile Include="Server.cpp">
      <Filter>Src</Filter>
    </ClCompile>
    <ClCompile Include="stdafx.cpp">
      <Filter>Src</Filter>
    </ClCompile>
    <ClCompile Include="UserManager.cpp">
      <Filter>Src</Filter>
    </ClCompile>
    <ClCompile Include="Net\CListenSocket.cpp">
      <Filter>Net</Filter>
    </ClCompile>
    <ClCompile Include="Net\CParser.cpp">
      <Filter>Net</Filter>
    </ClCompile>
    <ClCompile Include="Net\CSocket.cpp">
      <Filter>Net</Filter>
    </ClCompile>
    <ClCompile Include="Net\CSSocket.cpp">
      <Filter>Net</Filter>
    </ClCompile>
    <ClCompile Include="Net\GSSocket.cpp">
      <Filter>Net</Filter>
    </ClCompile>
    <ClCompile Include="ProtoNet\GProtoSocket.cpp">
      <Filter>ProtoNet</Filter>
    </ClCompile>
  </ItemGroup>
  <ItemGroup>
    <ClInclude Include="Config.h">
      <Filter>Src</Filter>
    </ClInclude>
    <ClInclude Include="Server.h">
      <Filter>Src</Filter>
    </ClInclude>
    <ClInclude Include="stdafx.h">
      <Filter>Src</Filter>
    </ClInclude>
    <ClInclude Include="UserManager.h">
      <Filter>Src</Filter>
    </ClInclude>
    <ClInclude Include="Net\CListenSocket.h">
      <Filter>Net</Filter>
    </ClInclude>
    <ClInclude Include="Net\CParser.h">
      <Filter>Net</Filter>
    </ClInclude>
    <ClInclude Include="Net\CSocket.h">
      <Filter>Net</Filter>
    </ClInclude>
    <ClInclude Include="Net\CSSocket.h">
      <Filter>Net</Filter>
    </ClInclude>
    <ClInclude Include="Net\GSSocket.h">
      <Filter>Net</Filter>
    </ClInclude>
    <ClInclude Include="GProtoSocket.h" />
    <ClInclude Include="ProtoNet\GProtoSocket.h">
      <Filter>ProtoNet</Filter>
    </ClInclude>
  </ItemGroup>
  <ItemGroup>
    <None Include="ReadMe.txt" />
  </ItemGroup>
  <ItemGroup>
    <CustomBuildStep Include="res\GateServer.manifest" />
  </ItemGroup>
</Project>