<?xml version="1.0" encoding="utf-8"?>
<Project ToolsVersion="4.0" xmlns="http://schemas.microsoft.com/developer/msbuild/2003">
  <ItemGroup>
    <Filter Include="源文件">
      <UniqueIdentifier>{4FC737F1-C7A5-4376-A066-2A32D752A2FF}</UniqueIdentifier>
      <Extensions>cpp;c;cc;cxx;def;odl;idl;hpj;bat;asm;asmx</Extensions>
    </Filter>
    <Filter Include="头文件">
      <UniqueIdentifier>{93995380-89BD-4b04-88EB-625FBE52EBFB}</UniqueIdentifier>
      <Extensions>h;hpp;hxx;hm;inl;inc;xsd</Extensions>
    </Filter>
    <Filter Include="资源文件">
      <UniqueIdentifier>{67DA6AB6-F800-4c08-8B7A-83BB121AAD01}</UniqueIdentifier>
      <Extensions>rc;ico;cur;bmp;dlg;rc2;rct;bin;rgs;gif;jpg;jpeg;jpe;resx;tiff;tif;png;wav</Extensions>
    </Filter>
    <Filter Include="Public">
      <UniqueIdentifier>{49b72a90-ccc0-4687-a4b4-cbc26946d4d5}</UniqueIdentifier>
    </Filter>
    <Filter Include="Protocol">
      <UniqueIdentifier>{0860d258-456e-485a-97e6-9b5520c1478c}</UniqueIdentifier>
    </Filter>
    <Filter Include="资源文件\proto">
      <UniqueIdentifier>{297b5f1f-3cb6-4102-983a-bfc3ce005728}</UniqueIdentifier>
    </Filter>
  </ItemGroup>
  <ItemGroup>
    <None Include="ReadMe.txt" />
    <None Include="proto\MessageFarmG2C.proto">
      <Filter>资源文件\proto</Filter>
    </None>
    <None Include="proto\MessageG2C.proto">
      <Filter>资源文件\proto</Filter>
    </None>
    <None Include="proto\MessageGate2GS.proto">
      <Filter>资源文件\proto</Filter>
    </None>
    <None Include="proto\MessageGate2LG.proto">
      <Filter>资源文件\proto</Filter>
    </None>
    <None Include="proto\MessageGS2Gate.proto">
      <Filter>资源文件\proto</Filter>
    </None>
    <None Include="proto\MessageLG2Gate.proto">
      <Filter>资源文件\proto</Filter>
    </None>
    <None Include="proto\MsgHead.proto">
      <Filter>资源文件\proto</Filter>
    </None>
    <None Include="proto\MessageC2S.proto">
      <Filter>资源文件\proto</Filter>
    </None>
    <None Include="proto\MessageFarmC2S.proto">
      <Filter>资源文件\proto</Filter>
    </None>
    <None Include="proto\MessageTechnologyC2S.proto">
      <Filter>资源文件\proto</Filter>
    </None>
    <None Include="proto\MessageTechnologyG2C.proto">
      <Filter>资源文件\proto</Filter>
    </None>
  </ItemGroup>
  <ItemGroup>
    <ClCompile Include="MsgHead.pb.cc">
      <Filter>源文件</Filter>
    </ClCompile>
    <ClCompile Include="MessageG2C.pb.cc">
      <Filter>源文件</Filter>
    </ClCompile>
    <ClCompile Include="MessageLG2Gate.pb.cc">
      <Filter>源文件</Filter>
    </ClCompile>
    <ClCompile Include="MessageGate2LG.pb.cc">
      <Filter>源文件</Filter>
    </ClCompile>
    <ClCompile Include="MessageC2G.pb.cc">
      <Filter>源文件</Filter>
    </ClCompile>
    <ClCompile Include="MessageGate2GS.pb.cc">
      <Filter>源文件</Filter>
    </ClCompile>
    <ClCompile Include="MessageFarmG2C.pb.cc">
      <Filter>源文件</Filter>
    </ClCompile>
    <ClCompile Include="MessageGS2Gate.pb.cc">
      <Filter>源文件</Filter>
    </ClCompile>
    <ClCompile Include="MessageC2S.pb.cc">
      <Filter>源文件</Filter>
    </ClCompile>
    <ClCompile Include="MessageTechnologyC2S.pb.cc">
      <Filter>源文件</Filter>
    </ClCompile>
    <ClCompile Include="MessageTechnologyG2C.pb.cc">
      <Filter>源文件</Filter>
    </ClCompile>
    <ClCompile Include="MessageFarmC2S.pb.cc">
      <Filter>源文件</Filter>
    </ClCompile>
    <ClCompile Include="TechSkillInfo.cpp">
      <Filter>Public</Filter>
    </ClCompile>
  </ItemGroup>
  <ItemGroup>
    <ClInclude Include="MsgHead.pb.h">
      <Filter>头文件</Filter>
    </ClInclude>
    <ClInclude Include="TypeDef.h">
      <Filter>头文件</Filter>
    </ClInclude>
    <ClInclude Include="MessageG2C.pb.h">
      <Filter>头文件</Filter>
    </ClInclude>
    <ClInclude Include="MessageGate2LG.pb.h">
      <Filter>头文件</Filter>
    </ClInclude>
    <ClInclude Include="MessageLG2Gate.pb.h">
      <Filter>头文件</Filter>
    </ClInclude>
    <ClInclude Include="MessageC2G.pb.h">
      <Filter>头文件</Filter>
    </ClInclude>
    <ClInclude Include="MessageGate2GS.pb.h">
      <Filter>头文件</Filter>
    </ClInclude>
    <ClInclude Include="MessageFarmG2C.pb.h">
      <Filter>头文件</Filter>
    </ClInclude>
    <ClInclude Include="MessageGS2Gate.pb.h">
      <Filter>头文件</Filter>
    </ClInclude>
    <ClInclude Include="MessageC2S.pb.h">
      <Filter>源文件</Filter>
    </ClInclude>
    <ClInclude Include="MessageFarmC2S.pb.h">
      <Filter>头文件</Filter>
    </ClInclude>
    <ClInclude Include="MessageTechnologyC2S.pb.h">
      <Filter>头文件</Filter>
    </ClInclude>
    <ClInclude Include="MessageTechnologyG2C.pb.h">
      <Filter>头文件</Filter>
    </ClInclude>
    <ClInclude Include="TechSkillInfo.h">
      <Filter>Public</Filter>
    </ClInclude>
  </ItemGroup>
</Project>