<?xml version="1.0" encoding="utf-8"?>
<Project ToolsVersion="4.0" xmlns="http://schemas.microsoft.com/developer/msbuild/2003">
  <ItemGroup>
    <Filter Include="源文件">
      <UniqueIdentifier>{4FC737F1-C7A5-4376-A066-2A32D752A2FF}</UniqueIdentifier>
      <Extensions>cpp;c;cxx;def;odl;idl;hpj;bat;asm;asmx</Extensions>
    </Filter>
    <Filter Include="Net">
      <UniqueIdentifier>{b52984fe-ee2e-4289-a876-420d2428f2a1}</UniqueIdentifier>
    </Filter>
  </ItemGroup>
  <ItemGroup>
    <ClCompile Include="AccountMgr.cpp">
      <Filter>源文件</Filter>
    </ClCompile>
    <ClCompile Include="Config.cpp">
      <Filter>源文件</Filter>
    </ClCompile>
    <ClCompile Include="DataInterface.cpp">
      <Filter>源文件</Filter>
    </ClCompile>
    <ClCompile Include="DBServer.cpp">
      <Filter>源文件</Filter>
    </ClCompile>
    <ClCompile Include="Server.cpp">
      <Filter>源文件</Filter>
    </ClCompile>
    <ClCompile Include="stdafx.cpp">
      <Filter>源文件</Filter>
    </ClCompile>
    <ClCompile Include="WorldInfo.cpp">
      <Filter>源文件</Filter>
    </ClCompile>
    <ClCompile Include="Net\GSBuilder.cpp">
      <Filter>Net</Filter>
    </ClCompile>
    <ClCompile Include="Net\GSListenSocket.cpp">
      <Filter>Net</Filter>
    </ClCompile>
    <ClCompile Include="Net\GSParser.cpp">
      <Filter>Net</Filter>
    </ClCompile>
    <ClCompile Include="Net\GSSocket.cpp">
      <Filter>Net</Filter>
    </ClCompile>
    <ClCompile Include="Net\GTListenSocket.cpp">
      <Filter>Net</Filter>
    </ClCompile>
    <ClCompile Include="Net\GTParser.cpp">
      <Filter>Net</Filter>
    </ClCompile>
    <ClCompile Include="Net\GTSocket.cpp">
      <Filter>Net</Filter>
    </ClCompile>
  </ItemGroup>
  <ItemGroup>
    <ClInclude Include="AccountMgr.h">
      <Filter>源文件</Filter>
    </ClInclude>
    <ClInclude Include="Config.h">
      <Filter>源文件</Filter>
    </ClInclude>
    <ClInclude Include="DataInterface.h">
      <Filter>源文件</Filter>
    </ClInclude>
    <ClInclude Include="Server.h">
      <Filter>源文件</Filter>
    </ClInclude>
    <ClInclude Include="stdafx.h">
      <Filter>源文件</Filter>
    </ClInclude>
    <ClInclude Include="WorldInfo.h">
      <Filter>源文件</Filter>
    </ClInclude>
    <ClInclude Include="Net\GSBuilder.h">
      <Filter>Net</Filter>
    </ClInclude>
    <ClInclude Include="Net\GSListenSocket.h">
      <Filter>Net</Filter>
    </ClInclude>
    <ClInclude Include="Net\GSParser.h">
      <Filter>Net</Filter>
    </ClInclude>
    <ClInclude Include="Net\GSSocket.h">
      <Filter>Net</Filter>
    </ClInclude>
    <ClInclude Include="Net\GTListenSocket.h">
      <Filter>Net</Filter>
    </ClInclude>
    <ClInclude Include="Net\GTParser.h">
      <Filter>Net</Filter>
    </ClInclude>
    <ClInclude Include="Net\GTSocket.h">
      <Filter>Net</Filter>
    </ClInclude>
  </ItemGroup>
  <ItemGroup>
    <None Include="ReadMe.txt" />
  </ItemGroup>
  <ItemGroup>
    <CustomBuildStep Include="res\DBServer.manifest" />
  </ItemGroup>
</Project>