
Microsoft Visual Studio Solution File, Format Version 11.00
# Visual Studio 2010
Project("{8BC9CEB8-8B4A-11D0-8D11-00A0C91BC942}") = "My_Commnon", "..\My_Commnon\My_Commnon.vcxproj", "{19B8B57C-D017-40D7-9D30-50A4C7A74120}"
EndProject
Project("{8BC9CEB8-8B4A-11D0-8D11-00A0C91BC942}") = "new_common", "..\new_common\new_common.vcxproj", "{307CA303-A4A8-4902-872A-3A99A1C91360}"
EndProject
Project("{8BC9CEB8-8B4A-11D0-8D11-00A0C91BC942}") = "MsgShard", "..\MsgShard\SDBase2008'.vcxproj", "{6DBA0AD4-F795-4CE0-9F25-9209F1D6F305}"
EndProject
Project("{8BC9CEB8-8B4A-11D0-8D11-00A0C91BC942}") = "Common", "Common\Common.vcxproj", "{060CB513-0377-4555-A2E0-60290421D039}"
EndProject
Project("{8BC9CEB8-8B4A-11D0-8D11-00A0C91BC942}") = "GateServer", "GateServer\GateServer.vcxproj", "{9E016114-F18B-4E64-BF95-2BD43119EA7A}"
	ProjectSection(ProjectDependencies) = postProject
		{307CA303-A4A8-4902-872A-3A99A1C91360} = {307CA303-A4A8-4902-872A-3A99A1C91360}
		{060CB513-0377-4555-A2E0-60290421D039} = {060CB513-0377-4555-A2E0-60290421D039}
		{19B8B57C-D017-40D7-9D30-50A4C7A74120} = {19B8B57C-D017-40D7-9D30-50A4C7A74120}
		{6DBA0AD4-F795-4CE0-9F25-9209F1D6F305} = {6DBA0AD4-F795-4CE0-9F25-9209F1D6F305}
	EndProjectSection
EndProject
Project("{8BC9CEB8-8B4A-11D0-8D11-00A0C91BC942}") = "GameServer", "GameServer\GameServer.vcxproj", "{B188D12F-3010-4032-9493-B62979761D5E}"
EndProject
Global
	GlobalSection(SolutionConfigurationPlatforms) = preSolution
		Debug|Win32 = Debug|Win32
		Release|Win32 = Release|Win32
		Template|Win32 = Template|Win32
	EndGlobalSection
	GlobalSection(ProjectConfigurationPlatforms) = postSolution
		{19B8B57C-D017-40D7-9D30-50A4C7A74120}.Debug|Win32.ActiveCfg = Debug|Win32
		{19B8B57C-D017-40D7-9D30-50A4C7A74120}.Debug|Win32.Build.0 = Debug|Win32
		{19B8B57C-D017-40D7-9D30-50A4C7A74120}.Release|Win32.ActiveCfg = Release|Win32
		{19B8B57C-D017-40D7-9D30-50A4C7A74120}.Release|Win32.Build.0 = Release|Win32
		{19B8B57C-D017-40D7-9D30-50A4C7A74120}.Template|Win32.ActiveCfg = Release|Win32
		{19B8B57C-D017-40D7-9D30-50A4C7A74120}.Template|Win32.Build.0 = Release|Win32
		{307CA303-A4A8-4902-872A-3A99A1C91360}.Debug|Win32.ActiveCfg = Debug|Win32
		{307CA303-A4A8-4902-872A-3A99A1C91360}.Debug|Win32.Build.0 = Debug|Win32
		{307CA303-A4A8-4902-872A-3A99A1C91360}.Release|Win32.ActiveCfg = Release|Win32
		{307CA303-A4A8-4902-872A-3A99A1C91360}.Release|Win32.Build.0 = Release|Win32
		{307CA303-A4A8-4902-872A-3A99A1C91360}.Template|Win32.ActiveCfg = Release|Win32
		{307CA303-A4A8-4902-872A-3A99A1C91360}.Template|Win32.Build.0 = Release|Win32
		{6DBA0AD4-F795-4CE0-9F25-9209F1D6F305}.Debug|Win32.ActiveCfg = Debug|Win32
		{6DBA0AD4-F795-4CE0-9F25-9209F1D6F305}.Debug|Win32.Build.0 = Debug|Win32
		{6DBA0AD4-F795-4CE0-9F25-9209F1D6F305}.Release|Win32.ActiveCfg = Release|Win32
		{6DBA0AD4-F795-4CE0-9F25-9209F1D6F305}.Release|Win32.Build.0 = Release|Win32
		{6DBA0AD4-F795-4CE0-9F25-9209F1D6F305}.Template|Win32.ActiveCfg = Release|Win32
		{6DBA0AD4-F795-4CE0-9F25-9209F1D6F305}.Template|Win32.Build.0 = Release|Win32
		{060CB513-0377-4555-A2E0-60290421D039}.Debug|Win32.ActiveCfg = Debug|Win32
		{060CB513-0377-4555-A2E0-60290421D039}.Debug|Win32.Build.0 = Debug|Win32
		{060CB513-0377-4555-A2E0-60290421D039}.Release|Win32.ActiveCfg = Release|Win32
		{060CB513-0377-4555-A2E0-60290421D039}.Release|Win32.Build.0 = Release|Win32
		{060CB513-0377-4555-A2E0-60290421D039}.Template|Win32.ActiveCfg = Release|Win32
		{060CB513-0377-4555-A2E0-60290421D039}.Template|Win32.Build.0 = Release|Win32
		{9E016114-F18B-4E64-BF95-2BD43119EA7A}.Debug|Win32.ActiveCfg = Debug|Win32
		{9E016114-F18B-4E64-BF95-2BD43119EA7A}.Debug|Win32.Build.0 = Debug|Win32
		{9E016114-F18B-4E64-BF95-2BD43119EA7A}.Release|Win32.ActiveCfg = Release|Win32
		{9E016114-F18B-4E64-BF95-2BD43119EA7A}.Release|Win32.Build.0 = Release|Win32
		{9E016114-F18B-4E64-BF95-2BD43119EA7A}.Template|Win32.ActiveCfg = Template|Win32
		{9E016114-F18B-4E64-BF95-2BD43119EA7A}.Template|Win32.Build.0 = Template|Win32
		{B188D12F-3010-4032-9493-B62979761D5E}.Debug|Win32.ActiveCfg = Debug|Win32
		{B188D12F-3010-4032-9493-B62979761D5E}.Debug|Win32.Build.0 = Debug|Win32
		{B188D12F-3010-4032-9493-B62979761D5E}.Release|Win32.ActiveCfg = Release|Win32
		{B188D12F-3010-4032-9493-B62979761D5E}.Release|Win32.Build.0 = Release|Win32
		{B188D12F-3010-4032-9493-B62979761D5E}.Template|Win32.ActiveCfg = Release|Win32
		{B188D12F-3010-4032-9493-B62979761D5E}.Template|Win32.Build.0 = Release|Win32
	EndGlobalSection
	GlobalSection(SolutionProperties) = preSolution
		HideSolutionNode = FALSE
	EndGlobalSection
EndGlobal
